
Microsoft Visual Studio Solution File, Format Version 12.00
# Visual Studio Version 18
VisualStudioVersion = 18.3.11520.95 d18.3
MinimumVisualStudioVersion = 10.0.40219.1
Project("{FAE04EC0-301F-11D3-BF4B-00C04F79EFBC}") = "lab1_AS", "lab1_AS.csproj", "{C2DAEDE0-AC11-2450-83A1-017B2A213B7B}"
EndProject
Global
	GlobalSection(SolutionConfigurationPlatforms) = preSolution
		Debug|Any CPU = Debug|Any CPU
		Release|Any CPU = Release|Any CPU
	EndGlobalSection
	GlobalSection(ProjectConfigurationPlatforms) = postSolution
		{C2DAEDE0-AC11-2450-83A1-017B2A213B7B}.Debug|Any CPU.ActiveCfg = Debug|Any CPU
		{C2DAEDE0-AC11-2450-83A1-017B2A213B7B}.Debug|Any CPU.Build.0 = Debug|Any CPU
		{C2DAEDE0-AC11-2450-83A1-017B2A213B7B}.Release|Any CPU.ActiveCfg = Release|Any CPU
		{C2DAEDE0-AC11-2450-83A1-017B2A213B7B}.Release|Any CPU.Build.0 = Release|Any CPU
	EndGlobalSection
	GlobalSection(SolutionProperties) = preSolution
		HideSolutionNode = FALSE
	EndGlobalSection
	GlobalSection(ExtensibilityGlobals) = postSolution
		SolutionGuid = {095E11D7-5269-449E-9B9D-77B7BBD7E56C}
	EndGlobalSection
EndGlobal
